
Microsoft Visual Studio Solution File, Format Version 12.00
# Visual Studio 15
Project("{FAE04EC0-301F-11D3-BF4B-00C04F79EFBC}") = "ShopAppWsei", "ShopAppWsei\ShopAppWsei.csproj", "{18553185-A9C3-4A92-A3F3-D6CBBC982953}"
EndProject
Project("{E53339B2-1760-4266-BCC7-CA923CBCF16C}") = "docker-compose", "docker-compose.dcproj", "{9C1582E6-A81B-4516-8459-65E30EF4FADC}"
EndProject
Global
	GlobalSection(SolutionConfigurationPlatforms) = preSolution
		Debug|Any CPU = Debug|Any CPU
		Release|Any CPU = Release|Any CPU
	EndGlobalSection
	GlobalSection(ProjectConfigurationPlatforms) = postSolution
		{18553185-A9C3-4A92-A3F3-D6CBBC982953}.Debug|Any CPU.ActiveCfg = Debug|Any CPU
		{18553185-A9C3-4A92-A3F3-D6CBBC982953}.Debug|Any CPU.Build.0 = Debug|Any CPU
		{18553185-A9C3-4A92-A3F3-D6CBBC982953}.Release|Any CPU.ActiveCfg = Release|Any CPU
		{18553185-A9C3-4A92-A3F3-D6CBBC982953}.Release|Any CPU.Build.0 = Release|Any CPU
		{9C1582E6-A81B-4516-8459-65E30EF4FADC}.Debug|Any CPU.ActiveCfg = Debug|Any CPU
		{9C1582E6-A81B-4516-8459-65E30EF4FADC}.Debug|Any CPU.Build.0 = Debug|Any CPU
		{9C1582E6-A81B-4516-8459-65E30EF4FADC}.Release|Any CPU.ActiveCfg = Release|Any CPU
		{9C1582E6-A81B-4516-8459-65E30EF4FADC}.Release|Any CPU.Build.0 = Release|Any CPU
	EndGlobalSection
EndGlobal
